
Microsoft Visual Studio Solution File, Format Version 12.00
# Visual Studio Version 17
VisualStudioVersion = 17.11.35327.3
MinimumVisualStudioVersion = 10.0.40219.1
Project("{FAE04EC0-301F-11D3-BF4B-00C04F79EFBC}") = "Student", "Student\Student.csproj", "{80571484-A0BD-4662-B8D3-0233FFDF3ACE}"
EndProject
Global
	GlobalSection(SolutionConfigurationPlatforms) = preSolution
		Debug|Any CPU = Debug|Any CPU
		Release|Any CPU = Release|Any CPU
	EndGlobalSection
	GlobalSection(ProjectConfigurationPlatforms) = postSolution
		{80571484-A0BD-4662-B8D3-0233FFDF3ACE}.Debug|Any CPU.ActiveCfg = Debug|Any CPU
		{80571484-A0BD-4662-B8D3-0233FFDF3ACE}.Debug|Any CPU.Build.0 = Debug|Any CPU
		{80571484-A0BD-4662-B8D3-0233FFDF3ACE}.Release|Any CPU.ActiveCfg = Release|Any CPU
		{80571484-A0BD-4662-B8D3-0233FFDF3ACE}.Release|Any CPU.Build.0 = Release|Any CPU
	EndGlobalSection
	GlobalSection(SolutionProperties) = preSolution
		HideSolutionNode = FALSE
	EndGlobalSection
	GlobalSection(ExtensibilityGlobals) = postSolution
		SolutionGuid = {5EFC707E-8DED-4B2A-BEE4-16EEFC5997A1}
	EndGlobalSection
EndGlobal
